
Microsoft Visual Studio Solution File, Format Version 12.00
# Visual Studio Version 17
VisualStudioVersion = 17.7.34009.444
MinimumVisualStudioVersion = 10.0.40219.1
Project("{FAE04EC0-301F-11D3-BF4B-00C04F79EFBC}") = "ChatMoodTool", "ChatMoodTool.csproj", "{A8803309-24BF-468E-A671-082AF3F8E96E}"
EndProject
Global
	GlobalSection(SolutionConfigurationPlatforms) = preSolution
		Debug|Any CPU = Debug|Any CPU
		Release|Any CPU = Release|Any CPU
	EndGlobalSection
	GlobalSection(ProjectConfigurationPlatforms) = postSolution
		{A8803309-24BF-468E-A671-082AF3F8E96E}.Debug|Any CPU.ActiveCfg = Debug|Any CPU
		{A8803309-24BF-468E-A671-082AF3F8E96E}.Debug|Any CPU.Build.0 = Debug|Any CPU
		{A8803309-24BF-468E-A671-082AF3F8E96E}.Release|Any CPU.ActiveCfg = Release|Any CPU
		{A8803309-24BF-468E-A671-082AF3F8E96E}.Release|Any CPU.Build.0 = Release|Any CPU
	EndGlobalSection
	GlobalSection(SolutionProperties) = preSolution
		HideSolutionNode = FALSE
	EndGlobalSection
	GlobalSection(ExtensibilityGlobals) = postSolution
		SolutionGuid = {F0CAA936-DFC9-4CC3-A52F-F070D2BBBEF9}
	EndGlobalSection
EndGlobal
